
Microsoft Visual Studio Solution File, Format Version 11.00
# Visual Studio 2010
Project("{FAE04EC0-301F-11D3-BF4B-00C04F79EFBC}") = "Teine Tund", "Assembly-CSharp-firstpass.csproj", "{2D642D6B-F09F-90C1-DFE8-BECC6AA19C40}"
EndProject
Project("{FAE04EC0-301F-11D3-BF4B-00C04F79EFBC}") = "Teine Tund", "Assembly-CSharp-Editor-firstpass.csproj", "{1301DE9B-EEFB-6336-BBDB-51BFA43C141F}"
EndProject
Global
	GlobalSection(SolutionConfigurationPlatforms) = preSolution
		Debug|Any CPU = Debug|Any CPU
		Release|Any CPU = Release|Any CPU
	EndGlobalSection
	GlobalSection(ProjectConfigurationPlatforms) = postSolution
		{2D642D6B-F09F-90C1-DFE8-BECC6AA19C40}.Debug|Any CPU.ActiveCfg = Debug|Any CPU
		{2D642D6B-F09F-90C1-DFE8-BECC6AA19C40}.Debug|Any CPU.Build.0 = Debug|Any CPU
		{2D642D6B-F09F-90C1-DFE8-BECC6AA19C40}.Release|Any CPU.ActiveCfg = Release|Any CPU
		{2D642D6B-F09F-90C1-DFE8-BECC6AA19C40}.Release|Any CPU.Build.0 = Release|Any CPU
		{1301DE9B-EEFB-6336-BBDB-51BFA43C141F}.Debug|Any CPU.ActiveCfg = Debug|Any CPU
		{1301DE9B-EEFB-6336-BBDB-51BFA43C141F}.Debug|Any CPU.Build.0 = Debug|Any CPU
		{1301DE9B-EEFB-6336-BBDB-51BFA43C141F}.Release|Any CPU.ActiveCfg = Release|Any CPU
		{1301DE9B-EEFB-6336-BBDB-51BFA43C141F}.Release|Any CPU.Build.0 = Release|Any CPU
	EndGlobalSection
	GlobalSection(SolutionProperties) = preSolution
		HideSolutionNode = FALSE
	EndGlobalSection
	GlobalSection(MonoDevelopProperties) = preSolution
		StartupItem = Assembly-CSharp.csproj
	EndGlobalSection
EndGlobal
